<Solution>
  <Project Path="secure-workflow-system.csproj" />
  <Project Path="tests\secure-workflow-system.Tests.Unit\secure-workflow-system.Tests.Unit.csproj">
    <Build Solution="Debug|*" Project="false" />
  </Project>
  <Project Path="tests\secure-workflow-system.Tests.Integration\secure-workflow-system.Tests.Integration.csproj">
    <Build Solution="Debug|*" Project="false" />
  </Project>
  <Project Path="tests\secure-workflow-system.Tests.Components\secure-workflow-system.Tests.Components.csproj">
    <Build Solution="Debug|*" Project="false" />
  </Project>
</Solution>
